// !$*UTF8*$!
{
	archiveVersion = 1;
	classes = {
	};
	objectVersion = 50;
	objects = {

/* Begin PBXBuildFile section */
		5531CDDD21605759005BF7B9 /* UpdateBDService.swift in Sources */ = {isa = PBXBuildFile; fileRef = 5531CDDC21605759005BF7B9 /* UpdateBDService.swift */; };
		55473A0021737165000A7B01 /* MatchViewController.swift in Sources */ = {isa = PBXBuildFile; fileRef = 554739FF21737165000A7B01 /* MatchViewController.swift */; };
		55473A0221737B47000A7B01 /* UIImageExt.swift in Sources */ = {isa = PBXBuildFile; fileRef = 55473A0121737B46000A7B01 /* UIImageExt.swift */; };
		55489BC12145A47B00721B4C /* MatchModel.swift in Sources */ = {isa = PBXBuildFile; fileRef = 55489BC02145A47B00721B4C /* MatchModel.swift */; };
		55E98C892132D2CD0040553C /* HomeViewController.swift in Sources */ = {isa = PBXBuildFile; fileRef = 55E98C882132D2CD0040553C /* HomeViewController.swift */; };
		55E98C8B21336B830040553C /* LoginViewController.swift in Sources */ = {isa = PBXBuildFile; fileRef = 55E98C8A21336B830040553C /* LoginViewController.swift */; };
		55E98C8E213393E30040553C /* UIViewExt.swift in Sources */ = {isa = PBXBuildFile; fileRef = 55E98C8D213393E30040553C /* UIViewExt.swift */; };
		55E98C90213C35D10040553C /* GoogleService-Info.plist in Resources */ = {isa = PBXBuildFile; fileRef = 55E98C8F213C35D00040553C /* GoogleService-Info.plist */; };
		55E98C93213C3E970040553C /* DataBaseService.swift in Sources */ = {isa = PBXBuildFile; fileRef = 55E98C92213C3E970040553C /* DataBaseService.swift */; };
		55E98C95213CBF9E0040553C /* ProfileViewController.swift in Sources */ = {isa = PBXBuildFile; fileRef = 55E98C94213CBF9E0040553C /* ProfileViewController.swift */; };
		55E98C98213F57D90040553C /* UserModel.swift in Sources */ = {isa = PBXBuildFile; fileRef = 55E98C97213F57D90040553C /* UserModel.swift */; };
		55EAF31721298BB400075195 /* AppDelegate.swift in Sources */ = {isa = PBXBuildFile; fileRef = 55EAF31621298BB400075195 /* AppDelegate.swift */; };
		55EAF31C21298BB400075195 /* Main.storyboard in Resources */ = {isa = PBXBuildFile; fileRef = 55EAF31A21298BB400075195 /* Main.storyboard */; };
		55EAF31E21298BB600075195 /* Assets.xcassets in Resources */ = {isa = PBXBuildFile; fileRef = 55EAF31D21298BB600075195 /* Assets.xcassets */; };
		55EAF32121298BB600075195 /* LaunchScreen.storyboard in Resources */ = {isa = PBXBuildFile; fileRef = 55EAF31F21298BB600075195 /* LaunchScreen.storyboard */; };
		61C148610A955D775361F073 /* Pods_Tindog.framework in Frameworks */ = {isa = PBXBuildFile; fileRef = 22C5B63088764DB5E1C9CB77 /* Pods_Tindog.framework */; };
/* End PBXBuildFile section */

/* Begin PBXFileReference section */
		22C5B63088764DB5E1C9CB77 /* Pods_Tindog.framework */ = {isa = PBXFileReference; explicitFileType = wrapper.framework; includeInIndex = 0; path = Pods_Tindog.framework; sourceTree = BUILT_PRODUCTS_DIR; };
		5531CDDC21605759005BF7B9 /* UpdateBDService.swift */ = {isa = PBXFileReference; lastKnownFileType = sourcecode.swift; path = UpdateBDService.swift; sourceTree = "<group>"; };
		554739FF21737165000A7B01 /* MatchViewController.swift */ = {isa = PBXFileReference; lastKnownFileType = sourcecode.swift; path = MatchViewController.swift; sourceTree = "<group>"; };
		55473A0121737B46000A7B01 /* UIImageExt.swift */ = {isa = PBXFileReference; lastKnownFileType = sourcecode.swift; path = UIImageExt.swift; sourceTree = "<group>"; };
		55489BC02145A47B00721B4C /* MatchModel.swift */ = {isa = PBXFileReference; lastKnownFileType = sourcecode.swift; path = MatchModel.swift; sourceTree = "<group>"; };
		55E98C882132D2CD0040553C /* HomeViewController.swift */ = {isa = PBXFileReference; lastKnownFileType = sourcecode.swift; path = HomeViewController.swift; sourceTree = "<group>"; };
		55E98C8A21336B830040553C /* LoginViewController.swift */ = {isa = PBXFileReference; lastKnownFileType = sourcecode.swift; path = LoginViewController.swift; sourceTree = "<group>"; };
		55E98C8D213393E30040553C /* UIViewExt.swift */ = {isa = PBXFileReference; lastKnownFileType = sourcecode.swift; path = UIViewExt.swift; sourceTree = "<group>"; };
		55E98C8F213C35D00040553C /* GoogleService-Info.plist */ = {isa = PBXFileReference; fileEncoding = 4; lastKnownFileType = text.plist.xml; path = "GoogleService-Info.plist"; sourceTree = "<group>"; };
		55E98C92213C3E970040553C /* DataBaseService.swift */ = {isa = PBXFileReference; lastKnownFileType = sourcecode.swift; path = DataBaseService.swift; sourceTree = "<group>"; };
		55E98C94213CBF9E0040553C /* ProfileViewController.swift */ = {isa = PBXFileReference; lastKnownFileType = sourcecode.swift; path = ProfileViewController.swift; sourceTree = "<group>"; };
		55E98C97213F57D90040553C /* UserModel.swift */ = {isa = PBXFileReference; lastKnownFileType = sourcecode.swift; path = UserModel.swift; sourceTree = "<group>"; };
		55EAF31321298BB400075195 /* Tindog.app */ = {isa = PBXFileReference; explicitFileType = wrapper.application; includeInIndex = 0; path = Tindog.app; sourceTree = BUILT_PRODUCTS_DIR; };
		55EAF31621298BB400075195 /* AppDelegate.swift */ = {isa = PBXFileReference; lastKnownFileType = sourcecode.swift; path = AppDelegate.swift; sourceTree = "<group>"; };
		55EAF31B21298BB400075195 /* Base */ = {isa = PBXFileReference; lastKnownFileType = file.storyboard; name = Base; path = Base.lproj/Main.storyboard; sourceTree = "<group>"; };
		55EAF31D21298BB600075195 /* Assets.xcassets */ = {isa = PBXFileReference; lastKnownFileType = folder.assetcatalog; path = Assets.xcassets; sourceTree = "<group>"; };
		55EAF32021298BB600075195 /* Base */ = {isa = PBXFileReference; lastKnownFileType = file.storyboard; name = Base; path = Base.lproj/LaunchScreen.storyboard; sourceTree = "<group>"; };
		55EAF32221298BB600075195 /* Info.plist */ = {isa = PBXFileReference; lastKnownFileType = text.plist.xml; path = Info.plist; sourceTree = "<group>"; };
		5DADEEE22283BFB0485754BB /* Pods-Tindog.release.xcconfig */ = {isa = PBXFileReference; includeInIndex = 1; lastKnownFileType = text.xcconfig; name = "Pods-Tindog.release.xcconfig"; path = "Pods/Target Support Files/Pods-Tindog/Pods-Tindog.release.xcconfig"; sourceTree = "<group>"; };
		C1F3557CE120CA9C2F9209F9 /* Pods-Tindog.debug.xcconfig */ = {isa = PBXFileReference; includeInIndex = 1; lastKnownFileType = text.xcconfig; name = "Pods-Tindog.debug.xcconfig"; path = "Pods/Target Support Files/Pods-Tindog/Pods-Tindog.debug.xcconfig"; sourceTree = "<group>"; };
/* End PBXFileReference section */

/* Begin PBXFrameworksBuildPhase section */
		55EAF31021298BB400075195 /* Frameworks */ = {
			isa = PBXFrameworksBuildPhase;
			buildActionMask = 2147483647;
			files = (
				61C148610A955D775361F073 /* Pods_Tindog.framework in Frameworks */,
			);
			runOnlyForDeploymentPostprocessing = 0;
		};
/* End PBXFrameworksBuildPhase section */

/* Begin PBXGroup section */
		55E98C872132D23E0040553C /* Controller */ = {
			isa = PBXGroup;
			children = (
				55E98C882132D2CD0040553C /* HomeViewController.swift */,
				55E98C8A21336B830040553C /* LoginViewController.swift */,
				55E98C94213CBF9E0040553C /* ProfileViewController.swift */,
				554739FF21737165000A7B01 /* MatchViewController.swift */,
			);
			path = Controller;
			sourceTree = "<group>";
		};
		55E98C8C213393C10040553C /* Extensions */ = {
			isa = PBXGroup;
			children = (
				55E98C8D213393E30040553C /* UIViewExt.swift */,
				55473A0121737B46000A7B01 /* UIImageExt.swift */,
			);
			path = Extensions;
			sourceTree = "<group>";
		};
		55E98C91213C3E5F0040553C /* Services */ = {
			isa = PBXGroup;
			children = (
				55E98C92213C3E970040553C /* DataBaseService.swift */,
				5531CDDC21605759005BF7B9 /* UpdateBDService.swift */,
			);
			path = Services;
			sourceTree = "<group>";
		};
		55E98C96213F57960040553C /* Models */ = {
			isa = PBXGroup;
			children = (
				55E98C97213F57D90040553C /* UserModel.swift */,
				55489BC02145A47B00721B4C /* MatchModel.swift */,
			);
			path = Models;
			sourceTree = "<group>";
		};
		55EAF30A21298BB400075195 = {
			isa = PBXGroup;
			children = (
				55EAF31521298BB400075195 /* Tindog */,
				55EAF31421298BB400075195 /* Products */,
				9D0E572D2FBE68A61137E83E /* Pods */,
				E825125970594CBBBAB07479 /* Frameworks */,
			);
			sourceTree = "<group>";
		};
		55EAF31421298BB400075195 /* Products */ = {
			isa = PBXGroup;
			children = (
				55EAF31321298BB400075195 /* Tindog.app */,
			);
			name = Products;
			sourceTree = "<group>";
		};
		55EAF31521298BB400075195 /* Tindog */ = {
			isa = PBXGroup;
			children = (
				55E98C96213F57960040553C /* Models */,
				55E98C91213C3E5F0040553C /* Services */,
				55E98C8C213393C10040553C /* Extensions */,
				55E98C872132D23E0040553C /* Controller */,
				55EAF31621298BB400075195 /* AppDelegate.swift */,
				55EAF31A21298BB400075195 /* Main.storyboard */,
				55EAF31D21298BB600075195 /* Assets.xcassets */,
				55EAF31F21298BB600075195 /* LaunchScreen.storyboard */,
				55EAF32221298BB600075195 /* Info.plist */,
				55E98C8F213C35D00040553C /* GoogleService-Info.plist */,
			);
			path = Tindog;
			sourceTree = "<group>";
		};
		9D0E572D2FBE68A61137E83E /* Pods */ = {
			isa = PBXGroup;
			children = (
				C1F3557CE120CA9C2F9209F9 /* Pods-Tindog.debug.xcconfig */,
				5DADEEE22283BFB0485754BB /* Pods-Tindog.release.xcconfig */,
			);
			name = Pods;
			sourceTree = "<group>";
		};
		E825125970594CBBBAB07479 /* Frameworks */ = {
			isa = PBXGroup;
			children = (
				22C5B63088764DB5E1C9CB77 /* Pods_Tindog.framework */,
			);
			name = Frameworks;
			sourceTree = "<group>";
		};
/* End PBXGroup section */

/* Begin PBXNativeTarget section */
		55EAF31221298BB400075195 /* Tindog */ = {
			isa = PBXNativeTarget;
			buildConfigurationList = 55EAF32521298BB600075195 /* Build configuration list for PBXNativeTarget "Tindog" */;
			buildPhases = (
				9DD1E77281C73FBE049A12F4 /* [CP] Check Pods Manifest.lock */,
				55EAF30F21298BB400075195 /* Sources */,
				55EAF31021298BB400075195 /* Frameworks */,
				55EAF31121298BB400075195 /* Resources */,
				02865A3E2A141D67528A91C6 /* [CP] Embed Pods Frameworks */,
			);
			buildRules = (
			);
			dependencies = (
			);
			name = Tindog;
			productName = Tindog;
			productReference = 55EAF31321298BB400075195 /* Tindog.app */;
			productType = "com.apple.product-type.application";
		};
/* End PBXNativeTarget section */

/* Begin PBXProject section */
		55EAF30B21298BB400075195 /* Project object */ = {
			isa = PBXProject;
			attributes = {
				LastSwiftUpdateCheck = 0940;
				LastUpgradeCheck = 0940;
				ORGANIZATIONNAME = Platzi;
				TargetAttributes = {
					55EAF31221298BB400075195 = {
						CreatedOnToolsVersion = 9.4.1;
					};
				};
			};
			buildConfigurationList = 55EAF30E21298BB400075195 /* Build configuration list for PBXProject "Tindog" */;
			compatibilityVersion = "Xcode 9.3";
			developmentRegion = en;
			hasScannedForEncodings = 0;
			knownRegions = (
				en,
				Base,
			);
			mainGroup = 55EAF30A21298BB400075195;
			productRefGroup = 55EAF31421298BB400075195 /* Products */;
			projectDirPath = "";
			projectRoot = "";
			targets = (
				55EAF31221298BB400075195 /* Tindog */,
			);
		};
/* End PBXProject section */

/* Begin PBXResourcesBuildPhase section */
		55EAF31121298BB400075195 /* Resources */ = {
			isa = PBXResourcesBuildPhase;
			buildActionMask = 2147483647;
			files = (
				55EAF32121298BB600075195 /* LaunchScreen.storyboard in Resources */,
				55E98C90213C35D10040553C /* GoogleService-Info.plist in Resources */,
				55EAF31E21298BB600075195 /* Assets.xcassets in Resources */,
				55EAF31C21298BB400075195 /* Main.storyboard in Resources */,
			);
			runOnlyForDeploymentPostprocessing = 0;
		};
/* End PBXResourcesBuildPhase section */

/* Begin PBXShellScriptBuildPhase section */
		02865A3E2A141D67528A91C6 /* [CP] Embed Pods Frameworks */ = {
			isa = PBXShellScriptBuildPhase;
			buildActionMask = 2147483647;
			files = (
			);
			inputPaths = (
				"${SRCROOT}/Pods/Target Support Files/Pods-Tindog/Pods-Tindog-frameworks.sh",
				"${BUILT_PRODUCTS_DIR}/GTMSessionFetcher/GTMSessionFetcher.framework",
				"${BUILT_PRODUCTS_DIR}/GoogleUtilities/GoogleUtilities.framework",
				"${BUILT_PRODUCTS_DIR}/RevealingSplashView/RevealingSplashView.framework",
				"${BUILT_PRODUCTS_DIR}/SDWebImage/SDWebImage.framework",
				"${BUILT_PRODUCTS_DIR}/leveldb-library/leveldb.framework",
				"${BUILT_PRODUCTS_DIR}/nanopb/nanopb.framework",
			);
			name = "[CP] Embed Pods Frameworks";
			outputPaths = (
				"${TARGET_BUILD_DIR}/${FRAMEWORKS_FOLDER_PATH}/GTMSessionFetcher.framework",
				"${TARGET_BUILD_DIR}/${FRAMEWORKS_FOLDER_PATH}/GoogleUtilities.framework",
				"${TARGET_BUILD_DIR}/${FRAMEWORKS_FOLDER_PATH}/RevealingSplashView.framework",
				"${TARGET_BUILD_DIR}/${FRAMEWORKS_FOLDER_PATH}/SDWebImage.framework",
				"${TARGET_BUILD_DIR}/${FRAMEWORKS_FOLDER_PATH}/leveldb.framework",
				"${TARGET_BUILD_DIR}/${FRAMEWORKS_FOLDER_PATH}/nanopb.framework",
			);
			runOnlyForDeploymentPostprocessing = 0;
			shellPath = /bin/sh;
			shellScript = "\"${SRCROOT}/Pods/Target Support Files/Pods-Tindog/Pods-Tindog-frameworks.sh\"\n";
			showEnvVarsInLog = 0;
		};
		9DD1E77281C73FBE049A12F4 /* [CP] Check Pods Manifest.lock */ = {
			isa = PBXShellScriptBuildPhase;
			buildActionMask = 2147483647;
			files = (
			);
			inputPaths = (
				"${PODS_PODFILE_DIR_PATH}/Podfile.lock",
				"${PODS_ROOT}/Manifest.lock",
			);
			name = "[CP] Check Pods Manifest.lock";
			outputPaths = (
				"$(DERIVED_FILE_DIR)/Pods-Tindog-checkManifestLockResult.txt",
			);
			runOnlyForDeploymentPostprocessing = 0;
			shellPath = /bin/sh;
			shellScript = "diff \"${PODS_PODFILE_DIR_PATH}/Podfile.lock\" \"${PODS_ROOT}/Manifest.lock\" > /dev/null\nif [ $? != 0 ] ; then\n    # print error to STDERR\n    echo \"error: The sandbox is not in sync with the Podfile.lock. Run 'pod install' or update your CocoaPods installation.\" >&2\n    exit 1\nfi\n# This output is used by Xcode 'outputs' to avoid re-running this script phase.\necho \"SUCCESS\" > \"${SCRIPT_OUTPUT_FILE_0}\"\n";
			showEnvVarsInLog = 0;
		};
/* End PBXShellScriptBuildPhase section */

/* Begin PBXSourcesBuildPhase section */
		55EAF30F21298BB400075195 /* Sources */ = {
			isa = PBXSourcesBuildPhase;
			buildActionMask = 2147483647;
			files = (
				55E98C95213CBF9E0040553C /* ProfileViewController.swift in Sources */,
				55489BC12145A47B00721B4C /* MatchModel.swift in Sources */,
				55E98C98213F57D90040553C /* UserModel.swift in Sources */,
				55E98C8E213393E30040553C /* UIViewExt.swift in Sources */,
				55473A0021737165000A7B01 /* MatchViewController.swift in Sources */,
				5531CDDD21605759005BF7B9 /* UpdateBDService.swift in Sources */,
				55E98C8B21336B830040553C /* LoginViewController.swift in Sources */,
				55EAF31721298BB400075195 /* AppDelegate.swift in Sources */,
				55E98C93213C3E970040553C /* DataBaseService.swift in Sources */,
				55E98C892132D2CD0040553C /* HomeViewController.swift in Sources */,
				55473A0221737B47000A7B01 /* UIImageExt.swift in Sources */,
			);
			runOnlyForDeploymentPostprocessing = 0;
		};
/* End PBXSourcesBuildPhase section */

/* Begin PBXVariantGroup section */
		55EAF31A21298BB400075195 /* Main.storyboard */ = {
			isa = PBXVariantGroup;
			children = (
				55EAF31B21298BB400075195 /* Base */,
			);
			name = Main.storyboard;
			sourceTree = "<group>";
		};
		55EAF31F21298BB600075195 /* LaunchScreen.storyboard */ = {
			isa = PBXVariantGroup;
			children = (
				55EAF32021298BB600075195 /* Base */,
			);
			name = LaunchScreen.storyboard;
			sourceTree = "<group>";
		};
/* End PBXVariantGroup section */

/* Begin XCBuildConfiguration section */
		55EAF32321298BB600075195 /* Debug */ = {
			isa = XCBuildConfiguration;
			buildSettings = {
				ALWAYS_SEARCH_USER_PATHS = NO;
				CLANG_ANALYZER_NONNULL = YES;
				CLANG_ANALYZER_NUMBER_OBJECT_CONVERSION = YES_AGGRESSIVE;
				CLANG_CXX_LANGUAGE_STANDARD = "gnu++14";
				CLANG_CXX_LIBRARY = "libc++";
				CLANG_ENABLE_MODULES = YES;
				CLANG_ENABLE_OBJC_ARC = YES;
				CLANG_ENABLE_OBJC_WEAK = YES;
				CLANG_WARN_BLOCK_CAPTURE_AUTORELEASING = YES;
				CLANG_WARN_BOOL_CONVERSION = YES;
				CLANG_WARN_COMMA = YES;
				CLANG_WARN_CONSTANT_CONVERSION = YES;
				CLANG_WARN_DEPRECATED_OBJC_IMPLEMENTATIONS = YES;
				CLANG_WARN_DIRECT_OBJC_ISA_USAGE = YES_ERROR;
				CLANG_WARN_DOCUMENTATION_COMMENTS = YES;
				CLANG_WARN_EMPTY_BODY = YES;
				CLANG_WARN_ENUM_CONVERSION = YES;
				CLANG_WARN_INFINITE_RECURSION = YES;
				CLANG_WARN_INT_CONVERSION = YES;
				CLANG_WARN_NON_LITERAL_NULL_CONVERSION = YES;
				CLANG_WARN_OBJC_IMPLICIT_RETAIN_SELF = YES;
				CLANG_WARN_OBJC_LITERAL_CONVERSION = YES;
				CLANG_WARN_OBJC_ROOT_CLASS = YES_ERROR;
				CLANG_WARN_RANGE_LOOP_ANALYSIS = YES;
				CLANG_WARN_STRICT_PROTOTYPES = YES;
				CLANG_WARN_SUSPICIOUS_MOVE = YES;
				CLANG_WARN_UNGUARDED_AVAILABILITY = YES_AGGRESSIVE;
				CLANG_WARN_UNREACHABLE_CODE = YES;
				CLANG_WARN__DUPLICATE_METHOD_MATCH = YES;
				CODE_SIGN_IDENTITY = "iPhone Developer";
				COPY_PHASE_STRIP = NO;
				DEBUG_INFORMATION_FORMAT = dwarf;
				ENABLE_STRICT_OBJC_MSGSEND = YES;
				ENABLE_TESTABILITY = YES;
				GCC_C_LANGUAGE_STANDARD = gnu11;
				GCC_DYNAMIC_NO_PIC = NO;
				GCC_NO_COMMON_BLOCKS = YES;
				GCC_OPTIMIZATION_LEVEL = 0;
				GCC_PREPROCESSOR_DEFINITIONS = (
					"DEBUG=1",
					"$(inherited)",
				);
				GCC_WARN_64_TO_32_BIT_CONVERSION = YES;
				GCC_WARN_ABOUT_RETURN_TYPE = YES_ERROR;
				GCC_WARN_UNDECLARED_SELECTOR = YES;
				GCC_WARN_UNINITIALIZED_AUTOS = YES_AGGRESSIVE;
				GCC_WARN_UNUSED_FUNCTION = YES;
				GCC_WARN_UNUSED_VARIABLE = YES;
				IPHONEOS_DEPLOYMENT_TARGET = 11.4;
				MTL_ENABLE_DEBUG_INFO = YES;
				ONLY_ACTIVE_ARCH = YES;
				SDKROOT = iphoneos;
				SWIFT_ACTIVE_COMPILATION_CONDITIONS = DEBUG;
				SWIFT_OPTIMIZATION_LEVEL = "-Onone";
			};
			name = Debug;
		};
		55EAF32421298BB600075195 /* Release */ = {
			isa = XCBuildConfiguration;
			buildSettings = {
				ALWAYS_SEARCH_USER_PATHS = NO;
				CLANG_ANALYZER_NONNULL = YES;
				CLANG_ANALYZER_NUMBER_OBJECT_CONVERSION = YES_AGGRESSIVE;
				CLANG_CXX_LANGUAGE_STANDARD = "gnu++14";
				CLANG_CXX_LIBRARY = "libc++";
				CLANG_ENABLE_MODULES = YES;
				CLANG_ENABLE_OBJC_ARC = YES;
				CLANG_ENABLE_OBJC_WEAK = YES;
				CLANG_WARN_BLOCK_CAPTURE_AUTORELEASING = YES;
				CLANG_WARN_BOOL_CONVERSION = YES;
				CLANG_WARN_COMMA = YES;
				CLANG_WARN_CONSTANT_CONVERSION = YES;
				CLANG_WARN_DEPRECATED_OBJC_IMPLEMENTATIONS = YES;
				CLANG_WARN_DIRECT_OBJC_ISA_USAGE = YES_ERROR;
				CLANG_WARN_DOCUMENTATION_COMMENTS = YES;
				CLANG_WARN_EMPTY_BODY = YES;
				CLANG_WARN_ENUM_CONVERSION = YES;
				CLANG_WARN_INFINITE_RECURSION = YES;
				CLANG_WARN_INT_CONVERSION = YES;
				CLANG_WARN_NON_LITERAL_NULL_CONVERSION = YES;
				CLANG_WARN_OBJC_IMPLICIT_RETAIN_SELF = YES;
				CLANG_WARN_OBJC_LITERAL_CONVERSION = YES;
				CLANG_WARN_OBJC_ROOT_CLASS = YES_ERROR;
				CLANG_WARN_RANGE_LOOP_ANALYSIS = YES;
				CLANG_WARN_STRICT_PROTOTYPES = YES;
				CLANG_WARN_SUSPICIOUS_MOVE = YES;
				CLANG_WARN_UNGUARDED_AVAILABILITY = YES_AGGRESSIVE;
				CLANG_WARN_UNREACHABLE_CODE = YES;
				CLANG_WARN__DUPLICATE_METHOD_MATCH = YES;
				CODE_SIGN_IDENTITY = "iPhone Developer";
				COPY_PHASE_STRIP = NO;
				DEBUG_INFORMATION_FORMAT = "dwarf-with-dsym";
				ENABLE_NS_ASSERTIONS = NO;
				ENABLE_STRICT_OBJC_MSGSEND = YES;
				GCC_C_LANGUAGE_STANDARD = gnu11;
				GCC_NO_COMMON_BLOCKS = YES;
				GCC_WARN_64_TO_32_BIT_CONVERSION = YES;
				GCC_WARN_ABOUT_RETURN_TYPE = YES_ERROR;
				GCC_WARN_UNDECLARED_SELECTOR = YES;
				GCC_WARN_UNINITIALIZED_AUTOS = YES_AGGRESSIVE;
				GCC_WARN_UNUSED_FUNCTION = YES;
				GCC_WARN_UNUSED_VARIABLE = YES;
				IPHONEOS_DEPLOYMENT_TARGET = 11.4;
				MTL_ENABLE_DEBUG_INFO = NO;
				SDKROOT = iphoneos;
				SWIFT_COMPILATION_MODE = wholemodule;
				SWIFT_OPTIMIZATION_LEVEL = "-O";
				VALIDATE_PRODUCT = YES;
			};
			name = Release;
		};
		55EAF32621298BB600075195 /* Debug */ = {
			isa = XCBuildConfiguration;
			baseConfigurationReference = C1F3557CE120CA9C2F9209F9 /* Pods-Tindog.debug.xcconfig */;
			buildSettings = {
				ASSETCATALOG_COMPILER_APPICON_NAME = AppIcon;
				CODE_SIGN_STYLE = Automatic;
				DEVELOPMENT_TEAM = "";
				FRAMEWORK_SEARCH_PATHS = (
					"$(inherited)",
					"\"${PODS_CONFIGURATION_BUILD_DIR}/RevealingSplashView\"",
				);
				INFOPLIST_FILE = Tindog/Info.plist;
				IPHONEOS_DEPLOYMENT_TARGET = 11.3;
				LD_RUNPATH_SEARCH_PATHS = (
					"$(inherited)",
					"@executable_path/Frameworks",
				);
				PRODUCT_BUNDLE_IDENTIFIER = com.elementpath.tindog.Tindog;
				PRODUCT_NAME = "$(TARGET_NAME)";
				SWIFT_VERSION = 4.0;
				TARGETED_DEVICE_FAMILY = 1;
			};
			name = Debug;
		};
		55EAF32721298BB600075195 /* Release */ = {
			isa = XCBuildConfiguration;
			baseConfigurationReference = 5DADEEE22283BFB0485754BB /* Pods-Tindog.release.xcconfig */;
			buildSettings = {
				ASSETCATALOG_COMPILER_APPICON_NAME = AppIcon;
				CODE_SIGN_STYLE = Automatic;
				DEVELOPMENT_TEAM = "";
				FRAMEWORK_SEARCH_PATHS = (
					"$(inherited)",
					"\"${PODS_CONFIGURATION_BUILD_DIR}/RevealingSplashView\"",
				);
				INFOPLIST_FILE = Tindog/Info.plist;
				IPHONEOS_DEPLOYMENT_TARGET = 11.3;
				LD_RUNPATH_SEARCH_PATHS = (
					"$(inherited)",
					"@executable_path/Frameworks",
				);
				PRODUCT_BUNDLE_IDENTIFIER = com.elementpath.tindog.Tindog;
				PRODUCT_NAME = "$(TARGET_NAME)";
				SWIFT_VERSION = 4.0;
				TARGETED_DEVICE_FAMILY = 1;
			};
			name = Release;
		};
/* End XCBuildConfiguration section */

/* Begin XCConfigurationList section */
		55EAF30E21298BB400075195 /* Build configuration list for PBXProject "Tindog" */ = {
			isa = XCConfigurationList;
			buildConfigurations = (
				55EAF32321298BB600075195 /* Debug */,
				55EAF32421298BB600075195 /* Release */,
			);
			defaultConfigurationIsVisible = 0;
			defaultConfigurationName = Release;
		};
		55EAF32521298BB600075195 /* Build configuration list for PBXNativeTarget "Tindog" */ = {
			isa = XCConfigurationList;
			buildConfigurations = (
				55EAF32621298BB600075195 /* Debug */,
				55EAF32721298BB600075195 /* Release */,
			);
			defaultConfigurationIsVisible = 0;
			defaultConfigurationName = Release;
		};
/* End XCConfigurationList section */
	};
	rootObject = 55EAF30B21298BB400075195 /* Project object */;
}
